// !$*UTF8*$!
{
	archiveVersion = 1;
	classes = {
	};
	objectVersion = 55;
	objects = {

/* Begin PBXBuildFile section */
		4E6882EC49A1693297AFE710 /* Pods_TransactionsMonitor.framework in Frameworks */ = {isa = PBXBuildFile; fileRef = E5B69045E4706E5A133BAA76 /* Pods_TransactionsMonitor.framework */; };
		891C3462297C095400F8F8EA /* DateConverterTests.swift in Sources */ = {isa = PBXBuildFile; fileRef = 891C3461297C095400F8F8EA /* DateConverterTests.swift */; };
		891C3469297C106900F8F8EA /* Connectivity.swift in Sources */ = {isa = PBXBuildFile; fileRef = 891C3468297C106900F8F8EA /* Connectivity.swift */; };
		891C346B297C112900F8F8EA /* InternetChecker.swift in Sources */ = {isa = PBXBuildFile; fileRef = 891C346A297C112900F8F8EA /* InternetChecker.swift */; };
		891C346E297C159F00F8F8EA /* ArraySorter.swift in Sources */ = {isa = PBXBuildFile; fileRef = 891C346D297C159F00F8F8EA /* ArraySorter.swift */; };
		891C3470297C15BC00F8F8EA /* TransactionsArraySorter.swift in Sources */ = {isa = PBXBuildFile; fileRef = 891C346F297C15BC00F8F8EA /* TransactionsArraySorter.swift */; };
		891C3473297C25AC00F8F8EA /* PBTransactionReadable.swift in Sources */ = {isa = PBXBuildFile; fileRef = 891C3472297C25AC00F8F8EA /* PBTransactionReadable.swift */; };
		891C3475297C328A00F8F8EA /* FilterPopoverVC.swift in Sources */ = {isa = PBXBuildFile; fileRef = 891C3474297C328A00F8F8EA /* FilterPopoverVC.swift */; };
		891C3477297C329A00F8F8EA /* FilterPopoverView.storyboard in Resources */ = {isa = PBXBuildFile; fileRef = 891C3476297C329A00F8F8EA /* FilterPopoverView.storyboard */; };
		894B1B78297C710100B3C3BB /* TransactionTableViewFooter.swift in Sources */ = {isa = PBXBuildFile; fileRef = 894B1B77297C710100B3C3BB /* TransactionTableViewFooter.swift */; };
		894B1B7A297C761000B3C3BB /* TransactionTableViewDelegate.swift in Sources */ = {isa = PBXBuildFile; fileRef = 894B1B79297C761000B3C3BB /* TransactionTableViewDelegate.swift */; };
		89520F53297AD5A90092210A /* SceneDelegate.swift in Sources */ = {isa = PBXBuildFile; fileRef = 89520F52297AD5A90092210A /* SceneDelegate.swift */; };
		89520F55297AD5A90092210A /* TransactionsVC.swift in Sources */ = {isa = PBXBuildFile; fileRef = 89520F54297AD5A90092210A /* TransactionsVC.swift */; };
		89520F5A297AD5AB0092210A /* Assets.xcassets in Resources */ = {isa = PBXBuildFile; fileRef = 89520F59297AD5AB0092210A /* Assets.xcassets */; };
		89520F5D297AD5AB0092210A /* LaunchScreen.storyboard in Resources */ = {isa = PBXBuildFile; fileRef = 89520F5B297AD5AB0092210A /* LaunchScreen.storyboard */; };
		89727992297ADF67004DCF21 /* AppCoordinator.swift in Sources */ = {isa = PBXBuildFile; fileRef = 89727990297ADF67004DCF21 /* AppCoordinator.swift */; };
		89727993297ADF67004DCF21 /* Coordinator.swift in Sources */ = {isa = PBXBuildFile; fileRef = 89727991297ADF67004DCF21 /* Coordinator.swift */; };
		89727996297ADF91004DCF21 /* TransactionsCoordinator.swift in Sources */ = {isa = PBXBuildFile; fileRef = 89727995297ADF91004DCF21 /* TransactionsCoordinator.swift */; };
		89727998297ADFFB004DCF21 /* Constants.swift in Sources */ = {isa = PBXBuildFile; fileRef = 89727997297ADFFB004DCF21 /* Constants.swift */; };
		8972799A297AE405004DCF21 /* AppDelegate.swift in Sources */ = {isa = PBXBuildFile; fileRef = 89727999297AE405004DCF21 /* AppDelegate.swift */; };
		8972799D297AE543004DCF21 /* PBTransactions.json in Resources */ = {isa = PBXBuildFile; fileRef = 8972799C297AE543004DCF21 /* PBTransactions.json */; };
		897279A1297AE565004DCF21 /* LocalJSONLoader.swift in Sources */ = {isa = PBXBuildFile; fileRef = 897279A0297AE565004DCF21 /* LocalJSONLoader.swift */; };
		897279A3297AE576004DCF21 /* Servers.swift in Sources */ = {isa = PBXBuildFile; fileRef = 897279A2297AE576004DCF21 /* Servers.swift */; };
		897279A5297AE593004DCF21 /* Networkable.swift in Sources */ = {isa = PBXBuildFile; fileRef = 897279A4297AE593004DCF21 /* Networkable.swift */; };
		897279A7297AE6A6004DCF21 /* TransactionsError.swift in Sources */ = {isa = PBXBuildFile; fileRef = 897279A6297AE6A6004DCF21 /* TransactionsError.swift */; };
		897279A9297AE6B7004DCF21 /* TransactionsAPISessionManager.swift in Sources */ = {isa = PBXBuildFile; fileRef = 897279A8297AE6B7004DCF21 /* TransactionsAPISessionManager.swift */; };
		897279AB297AE6E0004DCF21 /* TransactionsAPIRouter.swift in Sources */ = {isa = PBXBuildFile; fileRef = 897279AA297AE6E0004DCF21 /* TransactionsAPIRouter.swift */; };
		897279AD297AE742004DCF21 /* TransactionsAPI.swift in Sources */ = {isa = PBXBuildFile; fileRef = 897279AC297AE742004DCF21 /* TransactionsAPI.swift */; };
		897279B2297AE781004DCF21 /* PBTransaction.swift in Sources */ = {isa = PBXBuildFile; fileRef = 897279B0297AE781004DCF21 /* PBTransaction.swift */; };
		897279B4297AE7EC004DCF21 /* TransactionsView.swift in Sources */ = {isa = PBXBuildFile; fileRef = 897279B3297AE7EC004DCF21 /* TransactionsView.swift */; };
		897279B6297AE84F004DCF21 /* ViewCodeableTemplate.swift in Sources */ = {isa = PBXBuildFile; fileRef = 897279B5297AE84F004DCF21 /* ViewCodeableTemplate.swift */; };
		897279B8297AEB22004DCF21 /* TransactionsTableViewDataSource.swift in Sources */ = {isa = PBXBuildFile; fileRef = 897279B7297AEB22004DCF21 /* TransactionsTableViewDataSource.swift */; };
		897279BA297B08D7004DCF21 /* TransactionsVM.swift in Sources */ = {isa = PBXBuildFile; fileRef = 897279B9297B08D7004DCF21 /* TransactionsVM.swift */; };
		897279BC297B0A17004DCF21 /* TransactionServices.swift in Sources */ = {isa = PBXBuildFile; fileRef = 897279BB297B0A17004DCF21 /* TransactionServices.swift */; };
		897279C1297B5E15004DCF21 /* UIViewController+showAlert.swift in Sources */ = {isa = PBXBuildFile; fileRef = 897279C0297B5E15004DCF21 /* UIViewController+showAlert.swift */; };
		897279C3297B62C8004DCF21 /* ProgressHUD.swift in Sources */ = {isa = PBXBuildFile; fileRef = 897279C2297B62C8004DCF21 /* ProgressHUD.swift */; };
		897279C5297B69C8004DCF21 /* TransactionTableViewCell.swift in Sources */ = {isa = PBXBuildFile; fileRef = 897279C4297B69C8004DCF21 /* TransactionTableViewCell.swift */; };
		897279C7297B7AA0004DCF21 /* DateConverter.swift in Sources */ = {isa = PBXBuildFile; fileRef = 897279C6297B7AA0004DCF21 /* DateConverter.swift */; };
		897279CA297B7F8D004DCF21 /* TransactionsVMDelegate.swift in Sources */ = {isa = PBXBuildFile; fileRef = 897279C9297B7F8D004DCF21 /* TransactionsVMDelegate.swift */; };
		897279CC297B7FB2004DCF21 /* TransactionsVMCoordinatorDelegate.swift in Sources */ = {isa = PBXBuildFile; fileRef = 897279CB297B7FB2004DCF21 /* TransactionsVMCoordinatorDelegate.swift */; };
		897279CE297B7FC4004DCF21 /* TransactionsVMType.swift in Sources */ = {isa = PBXBuildFile; fileRef = 897279CD297B7FC4004DCF21 /* TransactionsVMType.swift */; };
		89731F47297C9F3B0063448D /* DetailsVC.swift in Sources */ = {isa = PBXBuildFile; fileRef = 89731F46297C9F3B0063448D /* DetailsVC.swift */; };
		89731F49297CA06D0063448D /* DetailsView.storyboard in Resources */ = {isa = PBXBuildFile; fileRef = 89731F48297CA06D0063448D /* DetailsView.storyboard */; };
		89731F4B297CA10B0063448D /* TransactionDetails.swift in Sources */ = {isa = PBXBuildFile; fileRef = 89731F4A297CA10B0063448D /* TransactionDetails.swift */; };
/* End PBXBuildFile section */

/* Begin PBXContainerItemProxy section */
		891C3463297C095400F8F8EA /* PBXContainerItemProxy */ = {
			isa = PBXContainerItemProxy;
			containerPortal = 89520F45297AD5A90092210A /* Project object */;
			proxyType = 1;
			remoteGlobalIDString = 89520F4C297AD5A90092210A;
			remoteInfo = TransactionsMonitor;
		};
/* End PBXContainerItemProxy section */

/* Begin PBXFileReference section */
		5D2B6116BF967F39276E5720 /* Pods-TransactionsMonitor.release.xcconfig */ = {isa = PBXFileReference; includeInIndex = 1; lastKnownFileType = text.xcconfig; name = "Pods-TransactionsMonitor.release.xcconfig"; path = "Target Support Files/Pods-TransactionsMonitor/Pods-TransactionsMonitor.release.xcconfig"; sourceTree = "<group>"; };
		891C345F297C095400F8F8EA /* DateFormatterTests.xctest */ = {isa = PBXFileReference; explicitFileType = wrapper.cfbundle; includeInIndex = 0; path = DateFormatterTests.xctest; sourceTree = BUILT_PRODUCTS_DIR; };
		891C3461297C095400F8F8EA /* DateConverterTests.swift */ = {isa = PBXFileReference; lastKnownFileType = sourcecode.swift; path = DateConverterTests.swift; sourceTree = "<group>"; };
		891C3468297C106900F8F8EA /* Connectivity.swift */ = {isa = PBXFileReference; lastKnownFileType = sourcecode.swift; path = Connectivity.swift; sourceTree = "<group>"; };
		891C346A297C112900F8F8EA /* InternetChecker.swift */ = {isa = PBXFileReference; lastKnownFileType = sourcecode.swift; path = InternetChecker.swift; sourceTree = "<group>"; };
		891C346D297C159F00F8F8EA /* ArraySorter.swift */ = {isa = PBXFileReference; lastKnownFileType = sourcecode.swift; path = ArraySorter.swift; sourceTree = "<group>"; };
		891C346F297C15BC00F8F8EA /* TransactionsArraySorter.swift */ = {isa = PBXFileReference; lastKnownFileType = sourcecode.swift; path = TransactionsArraySorter.swift; sourceTree = "<group>"; };
		891C3472297C25AC00F8F8EA /* PBTransactionReadable.swift */ = {isa = PBXFileReference; lastKnownFileType = sourcecode.swift; path = PBTransactionReadable.swift; sourceTree = "<group>"; };
		891C3474297C328A00F8F8EA /* FilterPopoverVC.swift */ = {isa = PBXFileReference; lastKnownFileType = sourcecode.swift; path = FilterPopoverVC.swift; sourceTree = "<group>"; };
		891C3476297C329A00F8F8EA /* FilterPopoverView.storyboard */ = {isa = PBXFileReference; lastKnownFileType = file.storyboard; path = FilterPopoverView.storyboard; sourceTree = "<group>"; };
		894B1B77297C710100B3C3BB /* TransactionTableViewFooter.swift */ = {isa = PBXFileReference; lastKnownFileType = sourcecode.swift; path = TransactionTableViewFooter.swift; sourceTree = "<group>"; };
		894B1B79297C761000B3C3BB /* TransactionTableViewDelegate.swift */ = {isa = PBXFileReference; lastKnownFileType = sourcecode.swift; path = TransactionTableViewDelegate.swift; sourceTree = "<group>"; };
		89520F4D297AD5A90092210A /* TransactionsMonitor.app */ = {isa = PBXFileReference; explicitFileType = wrapper.application; includeInIndex = 0; path = TransactionsMonitor.app; sourceTree = BUILT_PRODUCTS_DIR; };
		89520F52297AD5A90092210A /* SceneDelegate.swift */ = {isa = PBXFileReference; lastKnownFileType = sourcecode.swift; path = SceneDelegate.swift; sourceTree = "<group>"; };
		89520F54297AD5A90092210A /* TransactionsVC.swift */ = {isa = PBXFileReference; lastKnownFileType = sourcecode.swift; path = TransactionsVC.swift; sourceTree = "<group>"; };
		89520F59297AD5AB0092210A /* Assets.xcassets */ = {isa = PBXFileReference; lastKnownFileType = folder.assetcatalog; path = Assets.xcassets; sourceTree = "<group>"; };
		89520F5C297AD5AB0092210A /* Base */ = {isa = PBXFileReference; lastKnownFileType = file.storyboard; name = Base; path = Base.lproj/LaunchScreen.storyboard; sourceTree = "<group>"; };
		89520F5E297AD5AB0092210A /* Info.plist */ = {isa = PBXFileReference; lastKnownFileType = text.plist.xml; path = Info.plist; sourceTree = "<group>"; };
		89727990297ADF67004DCF21 /* AppCoordinator.swift */ = {isa = PBXFileReference; fileEncoding = 4; lastKnownFileType = sourcecode.swift; path = AppCoordinator.swift; sourceTree = "<group>"; };
		89727991297ADF67004DCF21 /* Coordinator.swift */ = {isa = PBXFileReference; fileEncoding = 4; lastKnownFileType = sourcecode.swift; path = Coordinator.swift; sourceTree = "<group>"; };
		89727995297ADF91004DCF21 /* TransactionsCoordinator.swift */ = {isa = PBXFileReference; fileEncoding = 4; lastKnownFileType = sourcecode.swift; path = TransactionsCoordinator.swift; sourceTree = "<group>"; };
		89727997297ADFFB004DCF21 /* Constants.swift */ = {isa = PBXFileReference; lastKnownFileType = sourcecode.swift; path = Constants.swift; sourceTree = "<group>"; };
		89727999297AE405004DCF21 /* AppDelegate.swift */ = {isa = PBXFileReference; fileEncoding = 4; lastKnownFileType = sourcecode.swift; path = AppDelegate.swift; sourceTree = "<group>"; };
		8972799C297AE543004DCF21 /* PBTransactions.json */ = {isa = PBXFileReference; fileEncoding = 4; lastKnownFileType = text.json; path = PBTransactions.json; sourceTree = "<group>"; };
		897279A0297AE565004DCF21 /* LocalJSONLoader.swift */ = {isa = PBXFileReference; fileEncoding = 4; lastKnownFileType = sourcecode.swift; path = LocalJSONLoader.swift; sourceTree = "<group>"; };
		897279A2297AE576004DCF21 /* Servers.swift */ = {isa = PBXFileReference; fileEncoding = 4; lastKnownFileType = sourcecode.swift; path = Servers.swift; sourceTree = "<group>"; };
		897279A4297AE593004DCF21 /* Networkable.swift */ = {isa = PBXFileReference; fileEncoding = 4; lastKnownFileType = sourcecode.swift; path = Networkable.swift; sourceTree = "<group>"; };
		897279A6297AE6A6004DCF21 /* TransactionsError.swift */ = {isa = PBXFileReference; fileEncoding = 4; lastKnownFileType = sourcecode.swift; path = TransactionsError.swift; sourceTree = "<group>"; };
		897279A8297AE6B7004DCF21 /* TransactionsAPISessionManager.swift */ = {isa = PBXFileReference; fileEncoding = 4; lastKnownFileType = sourcecode.swift; path = TransactionsAPISessionManager.swift; sourceTree = "<group>"; };
		897279AA297AE6E0004DCF21 /* TransactionsAPIRouter.swift */ = {isa = PBXFileReference; fileEncoding = 4; lastKnownFileType = sourcecode.swift; path = TransactionsAPIRouter.swift; sourceTree = "<group>"; };
		897279AC297AE742004DCF21 /* TransactionsAPI.swift */ = {isa = PBXFileReference; fileEncoding = 4; lastKnownFileType = sourcecode.swift; path = TransactionsAPI.swift; sourceTree = "<group>"; };
		897279B0297AE781004DCF21 /* PBTransaction.swift */ = {isa = PBXFileReference; fileEncoding = 4; lastKnownFileType = sourcecode.swift; path = PBTransaction.swift; sourceTree = "<group>"; };
		897279B3297AE7EC004DCF21 /* TransactionsView.swift */ = {isa = PBXFileReference; lastKnownFileType = sourcecode.swift; path = TransactionsView.swift; sourceTree = "<group>"; };
		897279B5297AE84F004DCF21 /* ViewCodeableTemplate.swift */ = {isa = PBXFileReference; fileEncoding = 4; lastKnownFileType = sourcecode.swift; path = ViewCodeableTemplate.swift; sourceTree = "<group>"; };
		897279B7297AEB22004DCF21 /* TransactionsTableViewDataSource.swift */ = {isa = PBXFileReference; lastKnownFileType = sourcecode.swift; path = TransactionsTableViewDataSource.swift; sourceTree = "<group>"; };
		897279B9297B08D7004DCF21 /* TransactionsVM.swift */ = {isa = PBXFileReference; lastKnownFileType = sourcecode.swift; path = TransactionsVM.swift; sourceTree = "<group>"; };
		897279BB297B0A17004DCF21 /* TransactionServices.swift */ = {isa = PBXFileReference; lastKnownFileType = sourcecode.swift; path = TransactionServices.swift; sourceTree = "<group>"; };
		897279C0297B5E15004DCF21 /* UIViewController+showAlert.swift */ = {isa = PBXFileReference; lastKnownFileType = sourcecode.swift; path = "UIViewController+showAlert.swift"; sourceTree = "<group>"; };
		897279C2297B62C8004DCF21 /* ProgressHUD.swift */ = {isa = PBXFileReference; fileEncoding = 4; lastKnownFileType = sourcecode.swift; path = ProgressHUD.swift; sourceTree = "<group>"; };
		897279C4297B69C8004DCF21 /* TransactionTableViewCell.swift */ = {isa = PBXFileReference; lastKnownFileType = sourcecode.swift; path = TransactionTableViewCell.swift; sourceTree = "<group>"; };
		897279C6297B7AA0004DCF21 /* DateConverter.swift */ = {isa = PBXFileReference; lastKnownFileType = sourcecode.swift; path = DateConverter.swift; sourceTree = "<group>"; };
		897279C9297B7F8D004DCF21 /* TransactionsVMDelegate.swift */ = {isa = PBXFileReference; lastKnownFileType = sourcecode.swift; path = TransactionsVMDelegate.swift; sourceTree = "<group>"; };
		897279CB297B7FB2004DCF21 /* TransactionsVMCoordinatorDelegate.swift */ = {isa = PBXFileReference; lastKnownFileType = sourcecode.swift; path = TransactionsVMCoordinatorDelegate.swift; sourceTree = "<group>"; };
		897279CD297B7FC4004DCF21 /* TransactionsVMType.swift */ = {isa = PBXFileReference; lastKnownFileType = sourcecode.swift; path = TransactionsVMType.swift; sourceTree = "<group>"; };
		89731F46297C9F3B0063448D /* DetailsVC.swift */ = {isa = PBXFileReference; lastKnownFileType = sourcecode.swift; path = DetailsVC.swift; sourceTree = "<group>"; };
		89731F48297CA06D0063448D /* DetailsView.storyboard */ = {isa = PBXFileReference; lastKnownFileType = file.storyboard; path = DetailsView.storyboard; sourceTree = "<group>"; };
		89731F4A297CA10B0063448D /* TransactionDetails.swift */ = {isa = PBXFileReference; lastKnownFileType = sourcecode.swift; path = TransactionDetails.swift; sourceTree = "<group>"; };
		943136329B21FFF23497888D /* Pods-TransactionsMonitor.debug.xcconfig */ = {isa = PBXFileReference; includeInIndex = 1; lastKnownFileType = text.xcconfig; name = "Pods-TransactionsMonitor.debug.xcconfig"; path = "Target Support Files/Pods-TransactionsMonitor/Pods-TransactionsMonitor.debug.xcconfig"; sourceTree = "<group>"; };
		E5B69045E4706E5A133BAA76 /* Pods_TransactionsMonitor.framework */ = {isa = PBXFileReference; explicitFileType = wrapper.framework; includeInIndex = 0; path = Pods_TransactionsMonitor.framework; sourceTree = BUILT_PRODUCTS_DIR; };
/* End PBXFileReference section */

/* Begin PBXFrameworksBuildPhase section */
		891C345C297C095400F8F8EA /* Frameworks */ = {
			isa = PBXFrameworksBuildPhase;
			buildActionMask = 2147483647;
			files = (
			);
			runOnlyForDeploymentPostprocessing = 0;
		};
		89520F4A297AD5A90092210A /* Frameworks */ = {
			isa = PBXFrameworksBuildPhase;
			buildActionMask = 2147483647;
			files = (
				4E6882EC49A1693297AFE710 /* Pods_TransactionsMonitor.framework in Frameworks */,
			);
			runOnlyForDeploymentPostprocessing = 0;
		};
/* End PBXFrameworksBuildPhase section */

/* Begin PBXGroup section */
		3D242DED43EDD5D9511D5900 /* Frameworks */ = {
			isa = PBXGroup;
			children = (
				E5B69045E4706E5A133BAA76 /* Pods_TransactionsMonitor.framework */,
			);
			name = Frameworks;
			sourceTree = "<group>";
		};
		890E6F09297D27E700FF4B88 /* Helpers */ = {
			isa = PBXGroup;
			children = (
				897279B5297AE84F004DCF21 /* ViewCodeableTemplate.swift */,
				89727997297ADFFB004DCF21 /* Constants.swift */,
				897279C6297B7AA0004DCF21 /* DateConverter.swift */,
				891C3471297C15C400F8F8EA /* TransactionsSorter */,
			);
			path = Helpers;
			sourceTree = "<group>";
		};
		891C3460297C095400F8F8EA /* DateFormatterTests */ = {
			isa = PBXGroup;
			children = (
				891C3461297C095400F8F8EA /* DateConverterTests.swift */,
			);
			path = DateFormatterTests;
			sourceTree = "<group>";
		};
		891C346C297C113A00F8F8EA /* InternetChecker */ = {
			isa = PBXGroup;
			children = (
				891C3468297C106900F8F8EA /* Connectivity.swift */,
				891C346A297C112900F8F8EA /* InternetChecker.swift */,
			);
			path = InternetChecker;
			sourceTree = "<group>";
		};
		891C3471297C15C400F8F8EA /* TransactionsSorter */ = {
			isa = PBXGroup;
			children = (
				891C346D297C159F00F8F8EA /* ArraySorter.swift */,
				891C346F297C15BC00F8F8EA /* TransactionsArraySorter.swift */,
			);
			path = TransactionsSorter;
			sourceTree = "<group>";
		};
		89520F44297AD5A90092210A = {
			isa = PBXGroup;
			children = (
				89520F4F297AD5A90092210A /* TransactionsMonitor */,
				891C3460297C095400F8F8EA /* DateFormatterTests */,
				89520F4E297AD5A90092210A /* Products */,
				C6BE8A309C8B5F808352BDAD /* Pods */,
				3D242DED43EDD5D9511D5900 /* Frameworks */,
			);
			sourceTree = "<group>";
		};
		89520F4E297AD5A90092210A /* Products */ = {
			isa = PBXGroup;
			children = (
				89520F4D297AD5A90092210A /* TransactionsMonitor.app */,
				891C345F297C095400F8F8EA /* DateFormatterTests.xctest */,
			);
			name = Products;
			sourceTree = "<group>";
		};
		89520F4F297AD5A90092210A /* TransactionsMonitor */ = {
			isa = PBXGroup;
			children = (
				897279BF297B5E00004DCF21 /* Extensions */,
				8972798C297ADE5D004DCF21 /* Delegates */,
				8972798F297ADEBE004DCF21 /* Coordinator */,
				8972798E297ADEAB004DCF21 /* Screens */,
				8972799B297AE530004DCF21 /* Services */,
				890E6F09297D27E700FF4B88 /* Helpers */,
				8972798D297ADE87004DCF21 /* Resources */,
			);
			path = TransactionsMonitor;
			sourceTree = "<group>";
		};
		8972798C297ADE5D004DCF21 /* Delegates */ = {
			isa = PBXGroup;
			children = (
				89727999297AE405004DCF21 /* AppDelegate.swift */,
				89520F52297AD5A90092210A /* SceneDelegate.swift */,
			);
			path = Delegates;
			sourceTree = "<group>";
		};
		8972798D297ADE87004DCF21 /* Resources */ = {
			isa = PBXGroup;
			children = (
				8972799C297AE543004DCF21 /* PBTransactions.json */,
				89520F59297AD5AB0092210A /* Assets.xcassets */,
				89520F5B297AD5AB0092210A /* LaunchScreen.storyboard */,
				89520F5E297AD5AB0092210A /* Info.plist */,
			);
			path = Resources;
			sourceTree = "<group>";
		};
		8972798E297ADEAB004DCF21 /* Screens */ = {
			isa = PBXGroup;
			children = (
				89727994297ADF84004DCF21 /* Transactions */,
				89731F43297C9F150063448D /* Details */,
				897279C2297B62C8004DCF21 /* ProgressHUD.swift */,
			);
			path = Screens;
			sourceTree = "<group>";
		};
		8972798F297ADEBE004DCF21 /* Coordinator */ = {
			isa = PBXGroup;
			children = (
				89727990297ADF67004DCF21 /* AppCoordinator.swift */,
				89727991297ADF67004DCF21 /* Coordinator.swift */,
			);
			path = Coordinator;
			sourceTree = "<group>";
		};
		89727994297ADF84004DCF21 /* Transactions */ = {
			isa = PBXGroup;
			children = (
				897279AE297AE774004DCF21 /* Models */,
				89731F4C297CA4B90063448D /* FilterPopover */,
				897279C8297B7F68004DCF21 /* TransactionsTableView */,
				897279CF297B803D004DCF21 /* TransactionsVM */,
				89727995297ADF91004DCF21 /* TransactionsCoordinator.swift */,
				897279B3297AE7EC004DCF21 /* TransactionsView.swift */,
				89520F54297AD5A90092210A /* TransactionsVC.swift */,
			);
			path = Transactions;
			sourceTree = "<group>";
		};
		8972799B297AE530004DCF21 /* Services */ = {
			isa = PBXGroup;
			children = (
				897279BB297B0A17004DCF21 /* TransactionServices.swift */,
				8972799E297AE55A004DCF21 /* Network */,
			);
			path = Services;
			sourceTree = "<group>";
		};
		8972799E297AE55A004DCF21 /* Network */ = {
			isa = PBXGroup;
			children = (
				891C346C297C113A00F8F8EA /* InternetChecker */,
				8972799F297AE565004DCF21 /* LocalJSONLoader */,
				897279A2297AE576004DCF21 /* Servers.swift */,
				897279A4297AE593004DCF21 /* Networkable.swift */,
				897279A6297AE6A6004DCF21 /* TransactionsError.swift */,
				897279A8297AE6B7004DCF21 /* TransactionsAPISessionManager.swift */,
				897279AA297AE6E0004DCF21 /* TransactionsAPIRouter.swift */,
				897279AC297AE742004DCF21 /* TransactionsAPI.swift */,
			);
			path = Network;
			sourceTree = "<group>";
		};
		8972799F297AE565004DCF21 /* LocalJSONLoader */ = {
			isa = PBXGroup;
			children = (
				897279A0297AE565004DCF21 /* LocalJSONLoader.swift */,
			);
			path = LocalJSONLoader;
			sourceTree = "<group>";
		};
		897279AE297AE774004DCF21 /* Models */ = {
			isa = PBXGroup;
			children = (
				897279B0297AE781004DCF21 /* PBTransaction.swift */,
				891C3472297C25AC00F8F8EA /* PBTransactionReadable.swift */,
			);
			path = Models;
			sourceTree = "<group>";
		};
		897279BF297B5E00004DCF21 /* Extensions */ = {
			isa = PBXGroup;
			children = (
				897279C0297B5E15004DCF21 /* UIViewController+showAlert.swift */,
			);
			path = Extensions;
			sourceTree = "<group>";
		};
		897279C8297B7F68004DCF21 /* TransactionsTableView */ = {
			isa = PBXGroup;
			children = (
				897279C4297B69C8004DCF21 /* TransactionTableViewCell.swift */,
				897279B7297AEB22004DCF21 /* TransactionsTableViewDataSource.swift */,
				894B1B77297C710100B3C3BB /* TransactionTableViewFooter.swift */,
				894B1B79297C761000B3C3BB /* TransactionTableViewDelegate.swift */,
			);
			path = TransactionsTableView;
			sourceTree = "<group>";
		};
		897279CF297B803D004DCF21 /* TransactionsVM */ = {
			isa = PBXGroup;
			children = (
				897279B9297B08D7004DCF21 /* TransactionsVM.swift */,
				897279C9297B7F8D004DCF21 /* TransactionsVMDelegate.swift */,
				897279CB297B7FB2004DCF21 /* TransactionsVMCoordinatorDelegate.swift */,
				897279CD297B7FC4004DCF21 /* TransactionsVMType.swift */,
			);
			path = TransactionsVM;
			sourceTree = "<group>";
		};
		89731F43297C9F150063448D /* Details */ = {
			isa = PBXGroup;
			children = (
				89731F4A297CA10B0063448D /* TransactionDetails.swift */,
				89731F46297C9F3B0063448D /* DetailsVC.swift */,
				89731F48297CA06D0063448D /* DetailsView.storyboard */,
			);
			path = Details;
			sourceTree = "<group>";
		};
		89731F4C297CA4B90063448D /* FilterPopover */ = {
			isa = PBXGroup;
			children = (
				891C3474297C328A00F8F8EA /* FilterPopoverVC.swift */,
				891C3476297C329A00F8F8EA /* FilterPopoverView.storyboard */,
			);
			path = FilterPopover;
			sourceTree = "<group>";
		};
		C6BE8A309C8B5F808352BDAD /* Pods */ = {
			isa = PBXGroup;
			children = (
				943136329B21FFF23497888D /* Pods-TransactionsMonitor.debug.xcconfig */,
				5D2B6116BF967F39276E5720 /* Pods-TransactionsMonitor.release.xcconfig */,
			);
			path = Pods;
			sourceTree = "<group>";
		};
/* End PBXGroup section */

/* Begin PBXNativeTarget section */
		891C345E297C095400F8F8EA /* DateFormatterTests */ = {
			isa = PBXNativeTarget;
			buildConfigurationList = 891C3465297C095400F8F8EA /* Build configuration list for PBXNativeTarget "DateFormatterTests" */;
			buildPhases = (
				891C345B297C095400F8F8EA /* Sources */,
				891C345C297C095400F8F8EA /* Frameworks */,
				891C345D297C095400F8F8EA /* Resources */,
			);
			buildRules = (
			);
			dependencies = (
				891C3464297C095400F8F8EA /* PBXTargetDependency */,
			);
			name = DateFormatterTests;
			productName = DateFormatterTests;
			productReference = 891C345F297C095400F8F8EA /* DateFormatterTests.xctest */;
			productType = "com.apple.product-type.bundle.unit-test";
		};
		89520F4C297AD5A90092210A /* TransactionsMonitor */ = {
			isa = PBXNativeTarget;
			buildConfigurationList = 89520F61297AD5AB0092210A /* Build configuration list for PBXNativeTarget "TransactionsMonitor" */;
			buildPhases = (
				DEAF7924076C749798A87421 /* [CP] Check Pods Manifest.lock */,
				89520F49297AD5A90092210A /* Sources */,
				89520F4A297AD5A90092210A /* Frameworks */,
				89520F4B297AD5A90092210A /* Resources */,
				EEC81D05EB1EFB79A312483E /* [CP] Embed Pods Frameworks */,
			);
			buildRules = (
			);
			dependencies = (
			);
			name = TransactionsMonitor;
			productName = TransactionsMonitor;
			productReference = 89520F4D297AD5A90092210A /* TransactionsMonitor.app */;
			productType = "com.apple.product-type.application";
		};
/* End PBXNativeTarget section */

/* Begin PBXProject section */
		89520F45297AD5A90092210A /* Project object */ = {
			isa = PBXProject;
			attributes = {
				BuildIndependentTargetsInParallel = 1;
				LastSwiftUpdateCheck = 1410;
				LastUpgradeCheck = 1410;
				TargetAttributes = {
					891C345E297C095400F8F8EA = {
						CreatedOnToolsVersion = 14.1;
						TestTargetID = 89520F4C297AD5A90092210A;
					};
					89520F4C297AD5A90092210A = {
						CreatedOnToolsVersion = 14.1;
					};
				};
			};
			buildConfigurationList = 89520F48297AD5A90092210A /* Build configuration list for PBXProject "TransactionsMonitor" */;
			compatibilityVersion = "Xcode 13.0";
			developmentRegion = en;
			hasScannedForEncodings = 0;
			knownRegions = (
				en,
				Base,
			);
			mainGroup = 89520F44297AD5A90092210A;
			productRefGroup = 89520F4E297AD5A90092210A /* Products */;
			projectDirPath = "";
			projectRoot = "";
			targets = (
				89520F4C297AD5A90092210A /* TransactionsMonitor */,
				891C345E297C095400F8F8EA /* DateFormatterTests */,
			);
		};
/* End PBXProject section */

/* Begin PBXResourcesBuildPhase section */
		891C345D297C095400F8F8EA /* Resources */ = {
			isa = PBXResourcesBuildPhase;
			buildActionMask = 2147483647;
			files = (
			);
			runOnlyForDeploymentPostprocessing = 0;
		};
		89520F4B297AD5A90092210A /* Resources */ = {
			isa = PBXResourcesBuildPhase;
			buildActionMask = 2147483647;
			files = (
				89520F5D297AD5AB0092210A /* LaunchScreen.storyboard in Resources */,
				8972799D297AE543004DCF21 /* PBTransactions.json in Resources */,
				89731F49297CA06D0063448D /* DetailsView.storyboard in Resources */,
				89520F5A297AD5AB0092210A /* Assets.xcassets in Resources */,
				891C3477297C329A00F8F8EA /* FilterPopoverView.storyboard in Resources */,
			);
			runOnlyForDeploymentPostprocessing = 0;
		};
/* End PBXResourcesBuildPhase section */

/* Begin PBXShellScriptBuildPhase section */
		DEAF7924076C749798A87421 /* [CP] Check Pods Manifest.lock */ = {
			isa = PBXShellScriptBuildPhase;
			buildActionMask = 2147483647;
			files = (
			);
			inputFileListPaths = (
			);
			inputPaths = (
				"${PODS_PODFILE_DIR_PATH}/Podfile.lock",
				"${PODS_ROOT}/Manifest.lock",
			);
			name = "[CP] Check Pods Manifest.lock";
			outputFileListPaths = (
			);
			outputPaths = (
				"$(DERIVED_FILE_DIR)/Pods-TransactionsMonitor-checkManifestLockResult.txt",
			);
			runOnlyForDeploymentPostprocessing = 0;
			shellPath = /bin/sh;
			shellScript = "diff \"${PODS_PODFILE_DIR_PATH}/Podfile.lock\" \"${PODS_ROOT}/Manifest.lock\" > /dev/null\nif [ $? != 0 ] ; then\n    # print error to STDERR\n    echo \"error: The sandbox is not in sync with the Podfile.lock. Run 'pod install' or update your CocoaPods installation.\" >&2\n    exit 1\nfi\n# This output is used by Xcode 'outputs' to avoid re-running this script phase.\necho \"SUCCESS\" > \"${SCRIPT_OUTPUT_FILE_0}\"\n";
			showEnvVarsInLog = 0;
		};
		EEC81D05EB1EFB79A312483E /* [CP] Embed Pods Frameworks */ = {
			isa = PBXShellScriptBuildPhase;
			buildActionMask = 2147483647;
			files = (
			);
			inputFileListPaths = (
				"${PODS_ROOT}/Target Support Files/Pods-TransactionsMonitor/Pods-TransactionsMonitor-frameworks-${CONFIGURATION}-input-files.xcfilelist",
			);
			name = "[CP] Embed Pods Frameworks";
			outputFileListPaths = (
				"${PODS_ROOT}/Target Support Files/Pods-TransactionsMonitor/Pods-TransactionsMonitor-frameworks-${CONFIGURATION}-output-files.xcfilelist",
			);
			runOnlyForDeploymentPostprocessing = 0;
			shellPath = /bin/sh;
			shellScript = "\"${PODS_ROOT}/Target Support Files/Pods-TransactionsMonitor/Pods-TransactionsMonitor-frameworks.sh\"\n";
			showEnvVarsInLog = 0;
		};
/* End PBXShellScriptBuildPhase section */

/* Begin PBXSourcesBuildPhase section */
		891C345B297C095400F8F8EA /* Sources */ = {
			isa = PBXSourcesBuildPhase;
			buildActionMask = 2147483647;
			files = (
				891C3462297C095400F8F8EA /* DateConverterTests.swift in Sources */,
			);
			runOnlyForDeploymentPostprocessing = 0;
		};
		89520F49297AD5A90092210A /* Sources */ = {
			isa = PBXSourcesBuildPhase;
			buildActionMask = 2147483647;
			files = (
				897279B8297AEB22004DCF21 /* TransactionsTableViewDataSource.swift in Sources */,
				897279CE297B7FC4004DCF21 /* TransactionsVMType.swift in Sources */,
				89727992297ADF67004DCF21 /* AppCoordinator.swift in Sources */,
				897279B6297AE84F004DCF21 /* ViewCodeableTemplate.swift in Sources */,
				897279CC297B7FB2004DCF21 /* TransactionsVMCoordinatorDelegate.swift in Sources */,
				891C3475297C328A00F8F8EA /* FilterPopoverVC.swift in Sources */,
				89727996297ADF91004DCF21 /* TransactionsCoordinator.swift in Sources */,
				89520F55297AD5A90092210A /* TransactionsVC.swift in Sources */,
				897279C5297B69C8004DCF21 /* TransactionTableViewCell.swift in Sources */,
				89727993297ADF67004DCF21 /* Coordinator.swift in Sources */,
				897279C3297B62C8004DCF21 /* ProgressHUD.swift in Sources */,
				89731F4B297CA10B0063448D /* TransactionDetails.swift in Sources */,
				891C3470297C15BC00F8F8EA /* TransactionsArraySorter.swift in Sources */,
				897279A1297AE565004DCF21 /* LocalJSONLoader.swift in Sources */,
				89731F47297C9F3B0063448D /* DetailsVC.swift in Sources */,
				894B1B7A297C761000B3C3BB /* TransactionTableViewDelegate.swift in Sources */,
				891C346B297C112900F8F8EA /* InternetChecker.swift in Sources */,
				897279B2297AE781004DCF21 /* PBTransaction.swift in Sources */,
				8972799A297AE405004DCF21 /* AppDelegate.swift in Sources */,
				891C346E297C159F00F8F8EA /* ArraySorter.swift in Sources */,
				897279C1297B5E15004DCF21 /* UIViewController+showAlert.swift in Sources */,
				897279A7297AE6A6004DCF21 /* TransactionsError.swift in Sources */,
				897279C7297B7AA0004DCF21 /* DateConverter.swift in Sources */,
				89727998297ADFFB004DCF21 /* Constants.swift in Sources */,
				897279A9297AE6B7004DCF21 /* TransactionsAPISessionManager.swift in Sources */,
				897279BA297B08D7004DCF21 /* TransactionsVM.swift in Sources */,
				897279B4297AE7EC004DCF21 /* TransactionsView.swift in Sources */,
				891C3469297C106900F8F8EA /* Connectivity.swift in Sources */,
				897279AB297AE6E0004DCF21 /* TransactionsAPIRouter.swift in Sources */,
				89520F53297AD5A90092210A /* SceneDelegate.swift in Sources */,
				897279A5297AE593004DCF21 /* Networkable.swift in Sources */,
				894B1B78297C710100B3C3BB /* TransactionTableViewFooter.swift in Sources */,
				897279A3297AE576004DCF21 /* Servers.swift in Sources */,
				897279BC297B0A17004DCF21 /* TransactionServices.swift in Sources */,
				897279CA297B7F8D004DCF21 /* TransactionsVMDelegate.swift in Sources */,
				891C3473297C25AC00F8F8EA /* PBTransactionReadable.swift in Sources */,
				897279AD297AE742004DCF21 /* TransactionsAPI.swift in Sources */,
			);
			runOnlyForDeploymentPostprocessing = 0;
		};
/* End PBXSourcesBuildPhase section */

/* Begin PBXTargetDependency section */
		891C3464297C095400F8F8EA /* PBXTargetDependency */ = {
			isa = PBXTargetDependency;
			target = 89520F4C297AD5A90092210A /* TransactionsMonitor */;
			targetProxy = 891C3463297C095400F8F8EA /* PBXContainerItemProxy */;
		};
/* End PBXTargetDependency section */

/* Begin PBXVariantGroup section */
		89520F5B297AD5AB0092210A /* LaunchScreen.storyboard */ = {
			isa = PBXVariantGroup;
			children = (
				89520F5C297AD5AB0092210A /* Base */,
			);
			name = LaunchScreen.storyboard;
			sourceTree = "<group>";
		};
/* End PBXVariantGroup section */

/* Begin XCBuildConfiguration section */
		891C3466297C095400F8F8EA /* Debug */ = {
			isa = XCBuildConfiguration;
			buildSettings = {
				BUNDLE_LOADER = "$(TEST_HOST)";
				CODE_SIGN_STYLE = Automatic;
				CURRENT_PROJECT_VERSION = 1;
				GENERATE_INFOPLIST_FILE = YES;
				MARKETING_VERSION = 1.0;
				PRODUCT_BUNDLE_IDENTIFIER = de.kabok.DateFormatterTests;
				PRODUCT_NAME = "$(TARGET_NAME)";
				SWIFT_EMIT_LOC_STRINGS = NO;
				SWIFT_VERSION = 5.0;
				TARGETED_DEVICE_FAMILY = "1,2";
				TEST_HOST = "$(BUILT_PRODUCTS_DIR)/TransactionsMonitor.app/$(BUNDLE_EXECUTABLE_FOLDER_PATH)/TransactionsMonitor";
			};
			name = Debug;
		};
		891C3467297C095400F8F8EA /* Release */ = {
			isa = XCBuildConfiguration;
			buildSettings = {
				BUNDLE_LOADER = "$(TEST_HOST)";
				CODE_SIGN_STYLE = Automatic;
				CURRENT_PROJECT_VERSION = 1;
				GENERATE_INFOPLIST_FILE = YES;
				MARKETING_VERSION = 1.0;
				PRODUCT_BUNDLE_IDENTIFIER = de.kabok.DateFormatterTests;
				PRODUCT_NAME = "$(TARGET_NAME)";
				SWIFT_EMIT_LOC_STRINGS = NO;
				SWIFT_VERSION = 5.0;
				TARGETED_DEVICE_FAMILY = "1,2";
				TEST_HOST = "$(BUILT_PRODUCTS_DIR)/TransactionsMonitor.app/$(BUNDLE_EXECUTABLE_FOLDER_PATH)/TransactionsMonitor";
			};
			name = Release;
		};
		89520F5F297AD5AB0092210A /* Debug */ = {
			isa = XCBuildConfiguration;
			buildSettings = {
				ALWAYS_SEARCH_USER_PATHS = NO;
				CLANG_ANALYZER_NONNULL = YES;
				CLANG_ANALYZER_NUMBER_OBJECT_CONVERSION = YES_AGGRESSIVE;
				CLANG_CXX_LANGUAGE_STANDARD = "gnu++20";
				CLANG_ENABLE_MODULES = YES;
				CLANG_ENABLE_OBJC_ARC = YES;
				CLANG_ENABLE_OBJC_WEAK = YES;
				CLANG_WARN_BLOCK_CAPTURE_AUTORELEASING = YES;
				CLANG_WARN_BOOL_CONVERSION = YES;
				CLANG_WARN_COMMA = YES;
				CLANG_WARN_CONSTANT_CONVERSION = YES;
				CLANG_WARN_DEPRECATED_OBJC_IMPLEMENTATIONS = YES;
				CLANG_WARN_DIRECT_OBJC_ISA_USAGE = YES_ERROR;
				CLANG_WARN_DOCUMENTATION_COMMENTS = YES;
				CLANG_WARN_EMPTY_BODY = YES;
				CLANG_WARN_ENUM_CONVERSION = YES;
				CLANG_WARN_INFINITE_RECURSION = YES;
				CLANG_WARN_INT_CONVERSION = YES;
				CLANG_WARN_NON_LITERAL_NULL_CONVERSION = YES;
				CLANG_WARN_OBJC_IMPLICIT_RETAIN_SELF = YES;
				CLANG_WARN_OBJC_LITERAL_CONVERSION = YES;
				CLANG_WARN_OBJC_ROOT_CLASS = YES_ERROR;
				CLANG_WARN_QUOTED_INCLUDE_IN_FRAMEWORK_HEADER = YES;
				CLANG_WARN_RANGE_LOOP_ANALYSIS = YES;
				CLANG_WARN_STRICT_PROTOTYPES = YES;
				CLANG_WARN_SUSPICIOUS_MOVE = YES;
				CLANG_WARN_UNGUARDED_AVAILABILITY = YES_AGGRESSIVE;
				CLANG_WARN_UNREACHABLE_CODE = YES;
				CLANG_WARN__DUPLICATE_METHOD_MATCH = YES;
				COPY_PHASE_STRIP = NO;
				DEBUG_INFORMATION_FORMAT = dwarf;
				ENABLE_STRICT_OBJC_MSGSEND = YES;
				ENABLE_TESTABILITY = YES;
				GCC_C_LANGUAGE_STANDARD = gnu11;
				GCC_DYNAMIC_NO_PIC = NO;
				GCC_NO_COMMON_BLOCKS = YES;
				GCC_OPTIMIZATION_LEVEL = 0;
				GCC_PREPROCESSOR_DEFINITIONS = (
					"DEBUG=1",
					"$(inherited)",
				);
				GCC_WARN_64_TO_32_BIT_CONVERSION = YES;
				GCC_WARN_ABOUT_RETURN_TYPE = YES_ERROR;
				GCC_WARN_UNDECLARED_SELECTOR = YES;
				GCC_WARN_UNINITIALIZED_AUTOS = YES_AGGRESSIVE;
				GCC_WARN_UNUSED_FUNCTION = YES;
				GCC_WARN_UNUSED_VARIABLE = YES;
				IPHONEOS_DEPLOYMENT_TARGET = 16.1;
				MTL_ENABLE_DEBUG_INFO = INCLUDE_SOURCE;
				MTL_FAST_MATH = YES;
				ONLY_ACTIVE_ARCH = YES;
				SDKROOT = iphoneos;
				SWIFT_ACTIVE_COMPILATION_CONDITIONS = DEBUG;
				SWIFT_OPTIMIZATION_LEVEL = "-Onone";
			};
			name = Debug;
		};
		89520F60297AD5AB0092210A /* Release */ = {
			isa = XCBuildConfiguration;
			buildSettings = {
				ALWAYS_SEARCH_USER_PATHS = NO;
				CLANG_ANALYZER_NONNULL = YES;
				CLANG_ANALYZER_NUMBER_OBJECT_CONVERSION = YES_AGGRESSIVE;
				CLANG_CXX_LANGUAGE_STANDARD = "gnu++20";
				CLANG_ENABLE_MODULES = YES;
				CLANG_ENABLE_OBJC_ARC = YES;
				CLANG_ENABLE_OBJC_WEAK = YES;
				CLANG_WARN_BLOCK_CAPTURE_AUTORELEASING = YES;
				CLANG_WARN_BOOL_CONVERSION = YES;
				CLANG_WARN_COMMA = YES;
				CLANG_WARN_CONSTANT_CONVERSION = YES;
				CLANG_WARN_DEPRECATED_OBJC_IMPLEMENTATIONS = YES;
				CLANG_WARN_DIRECT_OBJC_ISA_USAGE = YES_ERROR;
				CLANG_WARN_DOCUMENTATION_COMMENTS = YES;
				CLANG_WARN_EMPTY_BODY = YES;
				CLANG_WARN_ENUM_CONVERSION = YES;
				CLANG_WARN_INFINITE_RECURSION = YES;
				CLANG_WARN_INT_CONVERSION = YES;
				CLANG_WARN_NON_LITERAL_NULL_CONVERSION = YES;
				CLANG_WARN_OBJC_IMPLICIT_RETAIN_SELF = YES;
				CLANG_WARN_OBJC_LITERAL_CONVERSION = YES;
				CLANG_WARN_OBJC_ROOT_CLASS = YES_ERROR;
				CLANG_WARN_QUOTED_INCLUDE_IN_FRAMEWORK_HEADER = YES;
				CLANG_WARN_RANGE_LOOP_ANALYSIS = YES;
				CLANG_WARN_STRICT_PROTOTYPES = YES;
				CLANG_WARN_SUSPICIOUS_MOVE = YES;
				CLANG_WARN_UNGUARDED_AVAILABILITY = YES_AGGRESSIVE;
				CLANG_WARN_UNREACHABLE_CODE = YES;
				CLANG_WARN__DUPLICATE_METHOD_MATCH = YES;
				COPY_PHASE_STRIP = NO;
				DEBUG_INFORMATION_FORMAT = "dwarf-with-dsym";
				ENABLE_NS_ASSERTIONS = NO;
				ENABLE_STRICT_OBJC_MSGSEND = YES;
				GCC_C_LANGUAGE_STANDARD = gnu11;
				GCC_NO_COMMON_BLOCKS = YES;
				GCC_WARN_64_TO_32_BIT_CONVERSION = YES;
				GCC_WARN_ABOUT_RETURN_TYPE = YES_ERROR;
				GCC_WARN_UNDECLARED_SELECTOR = YES;
				GCC_WARN_UNINITIALIZED_AUTOS = YES_AGGRESSIVE;
				GCC_WARN_UNUSED_FUNCTION = YES;
				GCC_WARN_UNUSED_VARIABLE = YES;
				IPHONEOS_DEPLOYMENT_TARGET = 16.1;
				MTL_ENABLE_DEBUG_INFO = NO;
				MTL_FAST_MATH = YES;
				SDKROOT = iphoneos;
				SWIFT_COMPILATION_MODE = wholemodule;
				SWIFT_OPTIMIZATION_LEVEL = "-O";
				VALIDATE_PRODUCT = YES;
			};
			name = Release;
		};
		89520F62297AD5AB0092210A /* Debug */ = {
			isa = XCBuildConfiguration;
			baseConfigurationReference = 943136329B21FFF23497888D /* Pods-TransactionsMonitor.debug.xcconfig */;
			buildSettings = {
				ASSETCATALOG_COMPILER_APPICON_NAME = AppIcon;
				ASSETCATALOG_COMPILER_GLOBAL_ACCENT_COLOR_NAME = AccentColor;
				CODE_SIGN_STYLE = Automatic;
				CURRENT_PROJECT_VERSION = 1;
				GENERATE_INFOPLIST_FILE = YES;
				INFOPLIST_FILE = TransactionsMonitor/Resources/Info.plist;
				INFOPLIST_KEY_UIApplicationSupportsIndirectInputEvents = YES;
				INFOPLIST_KEY_UILaunchStoryboardName = LaunchScreen;
				INFOPLIST_KEY_UISupportedInterfaceOrientations = UIInterfaceOrientationPortrait;
				INFOPLIST_KEY_UISupportedInterfaceOrientations_iPad = "UIInterfaceOrientationLandscapeLeft UIInterfaceOrientationLandscapeRight UIInterfaceOrientationPortrait UIInterfaceOrientationPortraitUpsideDown";
				IPHONEOS_DEPLOYMENT_TARGET = 15.0;
				LD_RUNPATH_SEARCH_PATHS = (
					"$(inherited)",
					"@executable_path/Frameworks",
				);
				MARKETING_VERSION = 1.0;
				PRODUCT_BUNDLE_IDENTIFIER = de.kabok.TransactionsMonitor;
				PRODUCT_NAME = "$(TARGET_NAME)";
				SUPPORTED_PLATFORMS = "iphoneos iphonesimulator";
				SUPPORTS_MACCATALYST = NO;
				SUPPORTS_MAC_DESIGNED_FOR_IPHONE_IPAD = NO;
				SWIFT_EMIT_LOC_STRINGS = YES;
				SWIFT_VERSION = 5.0;
				TARGETED_DEVICE_FAMILY = 1;
			};
			name = Debug;
		};
		89520F63297AD5AB0092210A /* Release */ = {
			isa = XCBuildConfiguration;
			baseConfigurationReference = 5D2B6116BF967F39276E5720 /* Pods-TransactionsMonitor.release.xcconfig */;
			buildSettings = {
				ASSETCATALOG_COMPILER_APPICON_NAME = AppIcon;
				ASSETCATALOG_COMPILER_GLOBAL_ACCENT_COLOR_NAME = AccentColor;
				CODE_SIGN_STYLE = Automatic;
				CURRENT_PROJECT_VERSION = 1;
				GENERATE_INFOPLIST_FILE = YES;
				INFOPLIST_FILE = TransactionsMonitor/Resources/Info.plist;
				INFOPLIST_KEY_UIApplicationSupportsIndirectInputEvents = YES;
				INFOPLIST_KEY_UILaunchStoryboardName = LaunchScreen;
				INFOPLIST_KEY_UISupportedInterfaceOrientations = UIInterfaceOrientationPortrait;
				INFOPLIST_KEY_UISupportedInterfaceOrientations_iPad = "UIInterfaceOrientationLandscapeLeft UIInterfaceOrientationLandscapeRight UIInterfaceOrientationPortrait UIInterfaceOrientationPortraitUpsideDown";
				IPHONEOS_DEPLOYMENT_TARGET = 15.0;
				LD_RUNPATH_SEARCH_PATHS = (
					"$(inherited)",
					"@executable_path/Frameworks",
				);
				MARKETING_VERSION = 1.0;
				PRODUCT_BUNDLE_IDENTIFIER = de.kabok.TransactionsMonitor;
				PRODUCT_NAME = "$(TARGET_NAME)";
				SUPPORTED_PLATFORMS = "iphoneos iphonesimulator";
				SUPPORTS_MACCATALYST = NO;
				SUPPORTS_MAC_DESIGNED_FOR_IPHONE_IPAD = NO;
				SWIFT_EMIT_LOC_STRINGS = YES;
				SWIFT_VERSION = 5.0;
				TARGETED_DEVICE_FAMILY = 1;
			};
			name = Release;
		};
/* End XCBuildConfiguration section */

/* Begin XCConfigurationList section */
		891C3465297C095400F8F8EA /* Build configuration list for PBXNativeTarget "DateFormatterTests" */ = {
			isa = XCConfigurationList;
			buildConfigurations = (
				891C3466297C095400F8F8EA /* Debug */,
				891C3467297C095400F8F8EA /* Release */,
			);
			defaultConfigurationIsVisible = 0;
			defaultConfigurationName = Release;
		};
		89520F48297AD5A90092210A /* Build configuration list for PBXProject "TransactionsMonitor" */ = {
			isa = XCConfigurationList;
			buildConfigurations = (
				89520F5F297AD5AB0092210A /* Debug */,
				89520F60297AD5AB0092210A /* Release */,
			);
			defaultConfigurationIsVisible = 0;
			defaultConfigurationName = Release;
		};
		89520F61297AD5AB0092210A /* Build configuration list for PBXNativeTarget "TransactionsMonitor" */ = {
			isa = XCConfigurationList;
			buildConfigurations = (
				89520F62297AD5AB0092210A /* Debug */,
				89520F63297AD5AB0092210A /* Release */,
			);
			defaultConfigurationIsVisible = 0;
			defaultConfigurationName = Release;
		};
/* End XCConfigurationList section */
	};
	rootObject = 89520F45297AD5A90092210A /* Project object */;
}
