// !$*UTF8*$!
{
	archiveVersion = 1;
	classes = {
	};
	objectVersion = 55;
	objects = {

/* Begin PBXBuildFile section */
		4E6882EC49A1693297AFE710 /* Pods_TransactionsMonitor.framework in Frameworks */ = {isa = PBXBuildFile; fileRef = E5B69045E4706E5A133BAA76 /* Pods_TransactionsMonitor.framework */; };
		89520F53297AD5A90092210A /* SceneDelegate.swift in Sources */ = {isa = PBXBuildFile; fileRef = 89520F52297AD5A90092210A /* SceneDelegate.swift */; };
		89520F55297AD5A90092210A /* ViewController.swift in Sources */ = {isa = PBXBuildFile; fileRef = 89520F54297AD5A90092210A /* ViewController.swift */; };
		89520F5A297AD5AB0092210A /* Assets.xcassets in Resources */ = {isa = PBXBuildFile; fileRef = 89520F59297AD5AB0092210A /* Assets.xcassets */; };
		89520F5D297AD5AB0092210A /* LaunchScreen.storyboard in Resources */ = {isa = PBXBuildFile; fileRef = 89520F5B297AD5AB0092210A /* LaunchScreen.storyboard */; };
		89727992297ADF67004DCF21 /* AppCoordinator.swift in Sources */ = {isa = PBXBuildFile; fileRef = 89727990297ADF67004DCF21 /* AppCoordinator.swift */; };
		89727993297ADF67004DCF21 /* Coordinator.swift in Sources */ = {isa = PBXBuildFile; fileRef = 89727991297ADF67004DCF21 /* Coordinator.swift */; };
		89727996297ADF91004DCF21 /* MainCoordinator.swift in Sources */ = {isa = PBXBuildFile; fileRef = 89727995297ADF91004DCF21 /* MainCoordinator.swift */; };
		89727998297ADFFB004DCF21 /* Constants.swift in Sources */ = {isa = PBXBuildFile; fileRef = 89727997297ADFFB004DCF21 /* Constants.swift */; };
		8972799A297AE405004DCF21 /* AppDelegate.swift in Sources */ = {isa = PBXBuildFile; fileRef = 89727999297AE405004DCF21 /* AppDelegate.swift */; };
		8972799D297AE543004DCF21 /* PBTransactions.json in Resources */ = {isa = PBXBuildFile; fileRef = 8972799C297AE543004DCF21 /* PBTransactions.json */; };
		897279A1297AE565004DCF21 /* LocalJSONLoader.swift in Sources */ = {isa = PBXBuildFile; fileRef = 897279A0297AE565004DCF21 /* LocalJSONLoader.swift */; };
		897279A3297AE576004DCF21 /* Servers.swift in Sources */ = {isa = PBXBuildFile; fileRef = 897279A2297AE576004DCF21 /* Servers.swift */; };
		897279A5297AE593004DCF21 /* Networkable.swift in Sources */ = {isa = PBXBuildFile; fileRef = 897279A4297AE593004DCF21 /* Networkable.swift */; };
		897279A7297AE6A6004DCF21 /* TransactionsError.swift in Sources */ = {isa = PBXBuildFile; fileRef = 897279A6297AE6A6004DCF21 /* TransactionsError.swift */; };
		897279A9297AE6B7004DCF21 /* TransactionsAPISessionManager.swift in Sources */ = {isa = PBXBuildFile; fileRef = 897279A8297AE6B7004DCF21 /* TransactionsAPISessionManager.swift */; };
		897279AB297AE6E0004DCF21 /* TransactionsAPIRouter.swift in Sources */ = {isa = PBXBuildFile; fileRef = 897279AA297AE6E0004DCF21 /* TransactionsAPIRouter.swift */; };
		897279AD297AE742004DCF21 /* TransactionsAPI.swift in Sources */ = {isa = PBXBuildFile; fileRef = 897279AC297AE742004DCF21 /* TransactionsAPI.swift */; };
/* End PBXBuildFile section */

/* Begin PBXFileReference section */
		5D2B6116BF967F39276E5720 /* Pods-TransactionsMonitor.release.xcconfig */ = {isa = PBXFileReference; includeInIndex = 1; lastKnownFileType = text.xcconfig; name = "Pods-TransactionsMonitor.release.xcconfig"; path = "Target Support Files/Pods-TransactionsMonitor/Pods-TransactionsMonitor.release.xcconfig"; sourceTree = "<group>"; };
		89520F4D297AD5A90092210A /* TransactionsMonitor.app */ = {isa = PBXFileReference; explicitFileType = wrapper.application; includeInIndex = 0; path = TransactionsMonitor.app; sourceTree = BUILT_PRODUCTS_DIR; };
		89520F52297AD5A90092210A /* SceneDelegate.swift */ = {isa = PBXFileReference; lastKnownFileType = sourcecode.swift; path = SceneDelegate.swift; sourceTree = "<group>"; };
		89520F54297AD5A90092210A /* ViewController.swift */ = {isa = PBXFileReference; lastKnownFileType = sourcecode.swift; path = ViewController.swift; sourceTree = "<group>"; };
		89520F59297AD5AB0092210A /* Assets.xcassets */ = {isa = PBXFileReference; lastKnownFileType = folder.assetcatalog; path = Assets.xcassets; sourceTree = "<group>"; };
		89520F5C297AD5AB0092210A /* Base */ = {isa = PBXFileReference; lastKnownFileType = file.storyboard; name = Base; path = Base.lproj/LaunchScreen.storyboard; sourceTree = "<group>"; };
		89520F5E297AD5AB0092210A /* Info.plist */ = {isa = PBXFileReference; lastKnownFileType = text.plist.xml; path = Info.plist; sourceTree = "<group>"; };
		89727990297ADF67004DCF21 /* AppCoordinator.swift */ = {isa = PBXFileReference; fileEncoding = 4; lastKnownFileType = sourcecode.swift; path = AppCoordinator.swift; sourceTree = "<group>"; };
		89727991297ADF67004DCF21 /* Coordinator.swift */ = {isa = PBXFileReference; fileEncoding = 4; lastKnownFileType = sourcecode.swift; path = Coordinator.swift; sourceTree = "<group>"; };
		89727995297ADF91004DCF21 /* MainCoordinator.swift */ = {isa = PBXFileReference; fileEncoding = 4; lastKnownFileType = sourcecode.swift; path = MainCoordinator.swift; sourceTree = "<group>"; };
		89727997297ADFFB004DCF21 /* Constants.swift */ = {isa = PBXFileReference; lastKnownFileType = sourcecode.swift; path = Constants.swift; sourceTree = "<group>"; };
		89727999297AE405004DCF21 /* AppDelegate.swift */ = {isa = PBXFileReference; fileEncoding = 4; lastKnownFileType = sourcecode.swift; path = AppDelegate.swift; sourceTree = "<group>"; };
		8972799C297AE543004DCF21 /* PBTransactions.json */ = {isa = PBXFileReference; fileEncoding = 4; lastKnownFileType = text.json; path = PBTransactions.json; sourceTree = "<group>"; };
		897279A0297AE565004DCF21 /* LocalJSONLoader.swift */ = {isa = PBXFileReference; fileEncoding = 4; lastKnownFileType = sourcecode.swift; path = LocalJSONLoader.swift; sourceTree = "<group>"; };
		897279A2297AE576004DCF21 /* Servers.swift */ = {isa = PBXFileReference; fileEncoding = 4; lastKnownFileType = sourcecode.swift; path = Servers.swift; sourceTree = "<group>"; };
		897279A4297AE593004DCF21 /* Networkable.swift */ = {isa = PBXFileReference; fileEncoding = 4; lastKnownFileType = sourcecode.swift; path = Networkable.swift; sourceTree = "<group>"; };
		897279A6297AE6A6004DCF21 /* TransactionsError.swift */ = {isa = PBXFileReference; fileEncoding = 4; lastKnownFileType = sourcecode.swift; path = TransactionsError.swift; sourceTree = "<group>"; };
		897279A8297AE6B7004DCF21 /* TransactionsAPISessionManager.swift */ = {isa = PBXFileReference; fileEncoding = 4; lastKnownFileType = sourcecode.swift; path = TransactionsAPISessionManager.swift; sourceTree = "<group>"; };
		897279AA297AE6E0004DCF21 /* TransactionsAPIRouter.swift */ = {isa = PBXFileReference; fileEncoding = 4; lastKnownFileType = sourcecode.swift; path = TransactionsAPIRouter.swift; sourceTree = "<group>"; };
		897279AC297AE742004DCF21 /* TransactionsAPI.swift */ = {isa = PBXFileReference; fileEncoding = 4; lastKnownFileType = sourcecode.swift; path = TransactionsAPI.swift; sourceTree = "<group>"; };
		943136329B21FFF23497888D /* Pods-TransactionsMonitor.debug.xcconfig */ = {isa = PBXFileReference; includeInIndex = 1; lastKnownFileType = text.xcconfig; name = "Pods-TransactionsMonitor.debug.xcconfig"; path = "Target Support Files/Pods-TransactionsMonitor/Pods-TransactionsMonitor.debug.xcconfig"; sourceTree = "<group>"; };
		E5B69045E4706E5A133BAA76 /* Pods_TransactionsMonitor.framework */ = {isa = PBXFileReference; explicitFileType = wrapper.framework; includeInIndex = 0; path = Pods_TransactionsMonitor.framework; sourceTree = BUILT_PRODUCTS_DIR; };
/* End PBXFileReference section */

/* Begin PBXFrameworksBuildPhase section */
		89520F4A297AD5A90092210A /* Frameworks */ = {
			isa = PBXFrameworksBuildPhase;
			buildActionMask = 2147483647;
			files = (
				4E6882EC49A1693297AFE710 /* Pods_TransactionsMonitor.framework in Frameworks */,
			);
			runOnlyForDeploymentPostprocessing = 0;
		};
/* End PBXFrameworksBuildPhase section */

/* Begin PBXGroup section */
		3D242DED43EDD5D9511D5900 /* Frameworks */ = {
			isa = PBXGroup;
			children = (
				E5B69045E4706E5A133BAA76 /* Pods_TransactionsMonitor.framework */,
			);
			name = Frameworks;
			sourceTree = "<group>";
		};
		89520F44297AD5A90092210A = {
			isa = PBXGroup;
			children = (
				89520F4F297AD5A90092210A /* TransactionsMonitor */,
				89520F4E297AD5A90092210A /* Products */,
				C6BE8A309C8B5F808352BDAD /* Pods */,
				3D242DED43EDD5D9511D5900 /* Frameworks */,
			);
			sourceTree = "<group>";
		};
		89520F4E297AD5A90092210A /* Products */ = {
			isa = PBXGroup;
			children = (
				89520F4D297AD5A90092210A /* TransactionsMonitor.app */,
			);
			name = Products;
			sourceTree = "<group>";
		};
		89520F4F297AD5A90092210A /* TransactionsMonitor */ = {
			isa = PBXGroup;
			children = (
				8972798C297ADE5D004DCF21 /* Delegates */,
				8972798F297ADEBE004DCF21 /* Coordinator */,
				8972798E297ADEAB004DCF21 /* Screens */,
				8972799B297AE530004DCF21 /* Services */,
				8972798D297ADE87004DCF21 /* Resources */,
			);
			path = TransactionsMonitor;
			sourceTree = "<group>";
		};
		8972798C297ADE5D004DCF21 /* Delegates */ = {
			isa = PBXGroup;
			children = (
				89727999297AE405004DCF21 /* AppDelegate.swift */,
				89520F52297AD5A90092210A /* SceneDelegate.swift */,
			);
			path = Delegates;
			sourceTree = "<group>";
		};
		8972798D297ADE87004DCF21 /* Resources */ = {
			isa = PBXGroup;
			children = (
				8972799C297AE543004DCF21 /* PBTransactions.json */,
				89520F59297AD5AB0092210A /* Assets.xcassets */,
				89520F5B297AD5AB0092210A /* LaunchScreen.storyboard */,
				89520F5E297AD5AB0092210A /* Info.plist */,
				89727997297ADFFB004DCF21 /* Constants.swift */,
			);
			path = Resources;
			sourceTree = "<group>";
		};
		8972798E297ADEAB004DCF21 /* Screens */ = {
			isa = PBXGroup;
			children = (
				89727994297ADF84004DCF21 /* Main */,
				89520F54297AD5A90092210A /* ViewController.swift */,
			);
			path = Screens;
			sourceTree = "<group>";
		};
		8972798F297ADEBE004DCF21 /* Coordinator */ = {
			isa = PBXGroup;
			children = (
				89727990297ADF67004DCF21 /* AppCoordinator.swift */,
				89727991297ADF67004DCF21 /* Coordinator.swift */,
			);
			path = Coordinator;
			sourceTree = "<group>";
		};
		89727994297ADF84004DCF21 /* Main */ = {
			isa = PBXGroup;
			children = (
				89727995297ADF91004DCF21 /* MainCoordinator.swift */,
			);
			path = Main;
			sourceTree = "<group>";
		};
		8972799B297AE530004DCF21 /* Services */ = {
			isa = PBXGroup;
			children = (
				8972799E297AE55A004DCF21 /* Network */,
			);
			path = Services;
			sourceTree = "<group>";
		};
		8972799E297AE55A004DCF21 /* Network */ = {
			isa = PBXGroup;
			children = (
				8972799F297AE565004DCF21 /* LocalJSONLoader */,
				897279A2297AE576004DCF21 /* Servers.swift */,
				897279A4297AE593004DCF21 /* Networkable.swift */,
				897279A6297AE6A6004DCF21 /* TransactionsError.swift */,
				897279A8297AE6B7004DCF21 /* TransactionsAPISessionManager.swift */,
				897279AA297AE6E0004DCF21 /* TransactionsAPIRouter.swift */,
				897279AC297AE742004DCF21 /* TransactionsAPI.swift */,
			);
			path = Network;
			sourceTree = "<group>";
		};
		8972799F297AE565004DCF21 /* LocalJSONLoader */ = {
			isa = PBXGroup;
			children = (
				897279A0297AE565004DCF21 /* LocalJSONLoader.swift */,
			);
			path = LocalJSONLoader;
			sourceTree = "<group>";
		};
		C6BE8A309C8B5F808352BDAD /* Pods */ = {
			isa = PBXGroup;
			children = (
				943136329B21FFF23497888D /* Pods-TransactionsMonitor.debug.xcconfig */,
				5D2B6116BF967F39276E5720 /* Pods-TransactionsMonitor.release.xcconfig */,
			);
			path = Pods;
			sourceTree = "<group>";
		};
/* End PBXGroup section */

/* Begin PBXNativeTarget section */
		89520F4C297AD5A90092210A /* TransactionsMonitor */ = {
			isa = PBXNativeTarget;
			buildConfigurationList = 89520F61297AD5AB0092210A /* Build configuration list for PBXNativeTarget "TransactionsMonitor" */;
			buildPhases = (
				DEAF7924076C749798A87421 /* [CP] Check Pods Manifest.lock */,
				89520F49297AD5A90092210A /* Sources */,
				89520F4A297AD5A90092210A /* Frameworks */,
				89520F4B297AD5A90092210A /* Resources */,
				EEC81D05EB1EFB79A312483E /* [CP] Embed Pods Frameworks */,
			);
			buildRules = (
			);
			dependencies = (
			);
			name = TransactionsMonitor;
			productName = TransactionsMonitor;
			productReference = 89520F4D297AD5A90092210A /* TransactionsMonitor.app */;
			productType = "com.apple.product-type.application";
		};
/* End PBXNativeTarget section */

/* Begin PBXProject section */
		89520F45297AD5A90092210A /* Project object */ = {
			isa = PBXProject;
			attributes = {
				BuildIndependentTargetsInParallel = 1;
				LastSwiftUpdateCheck = 1410;
				LastUpgradeCheck = 1410;
				TargetAttributes = {
					89520F4C297AD5A90092210A = {
						CreatedOnToolsVersion = 14.1;
					};
				};
			};
			buildConfigurationList = 89520F48297AD5A90092210A /* Build configuration list for PBXProject "TransactionsMonitor" */;
			compatibilityVersion = "Xcode 13.0";
			developmentRegion = en;
			hasScannedForEncodings = 0;
			knownRegions = (
				en,
				Base,
			);
			mainGroup = 89520F44297AD5A90092210A;
			productRefGroup = 89520F4E297AD5A90092210A /* Products */;
			projectDirPath = "";
			projectRoot = "";
			targets = (
				89520F4C297AD5A90092210A /* TransactionsMonitor */,
			);
		};
/* End PBXProject section */

/* Begin PBXResourcesBuildPhase section */
		89520F4B297AD5A90092210A /* Resources */ = {
			isa = PBXResourcesBuildPhase;
			buildActionMask = 2147483647;
			files = (
				89520F5D297AD5AB0092210A /* LaunchScreen.storyboard in Resources */,
				8972799D297AE543004DCF21 /* PBTransactions.json in Resources */,
				89520F5A297AD5AB0092210A /* Assets.xcassets in Resources */,
			);
			runOnlyForDeploymentPostprocessing = 0;
		};
/* End PBXResourcesBuildPhase section */

/* Begin PBXShellScriptBuildPhase section */
		DEAF7924076C749798A87421 /* [CP] Check Pods Manifest.lock */ = {
			isa = PBXShellScriptBuildPhase;
			buildActionMask = 2147483647;
			files = (
			);
			inputFileListPaths = (
			);
			inputPaths = (
				"${PODS_PODFILE_DIR_PATH}/Podfile.lock",
				"${PODS_ROOT}/Manifest.lock",
			);
			name = "[CP] Check Pods Manifest.lock";
			outputFileListPaths = (
			);
			outputPaths = (
				"$(DERIVED_FILE_DIR)/Pods-TransactionsMonitor-checkManifestLockResult.txt",
			);
			runOnlyForDeploymentPostprocessing = 0;
			shellPath = /bin/sh;
			shellScript = "diff \"${PODS_PODFILE_DIR_PATH}/Podfile.lock\" \"${PODS_ROOT}/Manifest.lock\" > /dev/null\nif [ $? != 0 ] ; then\n    # print error to STDERR\n    echo \"error: The sandbox is not in sync with the Podfile.lock. Run 'pod install' or update your CocoaPods installation.\" >&2\n    exit 1\nfi\n# This output is used by Xcode 'outputs' to avoid re-running this script phase.\necho \"SUCCESS\" > \"${SCRIPT_OUTPUT_FILE_0}\"\n";
			showEnvVarsInLog = 0;
		};
		EEC81D05EB1EFB79A312483E /* [CP] Embed Pods Frameworks */ = {
			isa = PBXShellScriptBuildPhase;
			buildActionMask = 2147483647;
			files = (
			);
			inputFileListPaths = (
				"${PODS_ROOT}/Target Support Files/Pods-TransactionsMonitor/Pods-TransactionsMonitor-frameworks-${CONFIGURATION}-input-files.xcfilelist",
			);
			name = "[CP] Embed Pods Frameworks";
			outputFileListPaths = (
				"${PODS_ROOT}/Target Support Files/Pods-TransactionsMonitor/Pods-TransactionsMonitor-frameworks-${CONFIGURATION}-output-files.xcfilelist",
			);
			runOnlyForDeploymentPostprocessing = 0;
			shellPath = /bin/sh;
			shellScript = "\"${PODS_ROOT}/Target Support Files/Pods-TransactionsMonitor/Pods-TransactionsMonitor-frameworks.sh\"\n";
			showEnvVarsInLog = 0;
		};
/* End PBXShellScriptBuildPhase section */

/* Begin PBXSourcesBuildPhase section */
		89520F49297AD5A90092210A /* Sources */ = {
			isa = PBXSourcesBuildPhase;
			buildActionMask = 2147483647;
			files = (
				89727992297ADF67004DCF21 /* AppCoordinator.swift in Sources */,
				89727996297ADF91004DCF21 /* MainCoordinator.swift in Sources */,
				89520F55297AD5A90092210A /* ViewController.swift in Sources */,
				89727993297ADF67004DCF21 /* Coordinator.swift in Sources */,
				897279A1297AE565004DCF21 /* LocalJSONLoader.swift in Sources */,
				8972799A297AE405004DCF21 /* AppDelegate.swift in Sources */,
				897279A7297AE6A6004DCF21 /* TransactionsError.swift in Sources */,
				89727998297ADFFB004DCF21 /* Constants.swift in Sources */,
				897279A9297AE6B7004DCF21 /* TransactionsAPISessionManager.swift in Sources */,
				897279AB297AE6E0004DCF21 /* TransactionsAPIRouter.swift in Sources */,
				89520F53297AD5A90092210A /* SceneDelegate.swift in Sources */,
				897279A5297AE593004DCF21 /* Networkable.swift in Sources */,
				897279A3297AE576004DCF21 /* Servers.swift in Sources */,
				897279AD297AE742004DCF21 /* TransactionsAPI.swift in Sources */,
			);
			runOnlyForDeploymentPostprocessing = 0;
		};
/* End PBXSourcesBuildPhase section */

/* Begin PBXVariantGroup section */
		89520F5B297AD5AB0092210A /* LaunchScreen.storyboard */ = {
			isa = PBXVariantGroup;
			children = (
				89520F5C297AD5AB0092210A /* Base */,
			);
			name = LaunchScreen.storyboard;
			sourceTree = "<group>";
		};
/* End PBXVariantGroup section */

/* Begin XCBuildConfiguration section */
		89520F5F297AD5AB0092210A /* Debug */ = {
			isa = XCBuildConfiguration;
			buildSettings = {
				ALWAYS_SEARCH_USER_PATHS = NO;
				CLANG_ANALYZER_NONNULL = YES;
				CLANG_ANALYZER_NUMBER_OBJECT_CONVERSION = YES_AGGRESSIVE;
				CLANG_CXX_LANGUAGE_STANDARD = "gnu++20";
				CLANG_ENABLE_MODULES = YES;
				CLANG_ENABLE_OBJC_ARC = YES;
				CLANG_ENABLE_OBJC_WEAK = YES;
				CLANG_WARN_BLOCK_CAPTURE_AUTORELEASING = YES;
				CLANG_WARN_BOOL_CONVERSION = YES;
				CLANG_WARN_COMMA = YES;
				CLANG_WARN_CONSTANT_CONVERSION = YES;
				CLANG_WARN_DEPRECATED_OBJC_IMPLEMENTATIONS = YES;
				CLANG_WARN_DIRECT_OBJC_ISA_USAGE = YES_ERROR;
				CLANG_WARN_DOCUMENTATION_COMMENTS = YES;
				CLANG_WARN_EMPTY_BODY = YES;
				CLANG_WARN_ENUM_CONVERSION = YES;
				CLANG_WARN_INFINITE_RECURSION = YES;
				CLANG_WARN_INT_CONVERSION = YES;
				CLANG_WARN_NON_LITERAL_NULL_CONVERSION = YES;
				CLANG_WARN_OBJC_IMPLICIT_RETAIN_SELF = YES;
				CLANG_WARN_OBJC_LITERAL_CONVERSION = YES;
				CLANG_WARN_OBJC_ROOT_CLASS = YES_ERROR;
				CLANG_WARN_QUOTED_INCLUDE_IN_FRAMEWORK_HEADER = YES;
				CLANG_WARN_RANGE_LOOP_ANALYSIS = YES;
				CLANG_WARN_STRICT_PROTOTYPES = YES;
				CLANG_WARN_SUSPICIOUS_MOVE = YES;
				CLANG_WARN_UNGUARDED_AVAILABILITY = YES_AGGRESSIVE;
				CLANG_WARN_UNREACHABLE_CODE = YES;
				CLANG_WARN__DUPLICATE_METHOD_MATCH = YES;
				COPY_PHASE_STRIP = NO;
				DEBUG_INFORMATION_FORMAT = dwarf;
				ENABLE_STRICT_OBJC_MSGSEND = YES;
				ENABLE_TESTABILITY = YES;
				GCC_C_LANGUAGE_STANDARD = gnu11;
				GCC_DYNAMIC_NO_PIC = NO;
				GCC_NO_COMMON_BLOCKS = YES;
				GCC_OPTIMIZATION_LEVEL = 0;
				GCC_PREPROCESSOR_DEFINITIONS = (
					"DEBUG=1",
					"$(inherited)",
				);
				GCC_WARN_64_TO_32_BIT_CONVERSION = YES;
				GCC_WARN_ABOUT_RETURN_TYPE = YES_ERROR;
				GCC_WARN_UNDECLARED_SELECTOR = YES;
				GCC_WARN_UNINITIALIZED_AUTOS = YES_AGGRESSIVE;
				GCC_WARN_UNUSED_FUNCTION = YES;
				GCC_WARN_UNUSED_VARIABLE = YES;
				IPHONEOS_DEPLOYMENT_TARGET = 16.1;
				MTL_ENABLE_DEBUG_INFO = INCLUDE_SOURCE;
				MTL_FAST_MATH = YES;
				ONLY_ACTIVE_ARCH = YES;
				SDKROOT = iphoneos;
				SWIFT_ACTIVE_COMPILATION_CONDITIONS = DEBUG;
				SWIFT_OPTIMIZATION_LEVEL = "-Onone";
			};
			name = Debug;
		};
		89520F60297AD5AB0092210A /* Release */ = {
			isa = XCBuildConfiguration;
			buildSettings = {
				ALWAYS_SEARCH_USER_PATHS = NO;
				CLANG_ANALYZER_NONNULL = YES;
				CLANG_ANALYZER_NUMBER_OBJECT_CONVERSION = YES_AGGRESSIVE;
				CLANG_CXX_LANGUAGE_STANDARD = "gnu++20";
				CLANG_ENABLE_MODULES = YES;
				CLANG_ENABLE_OBJC_ARC = YES;
				CLANG_ENABLE_OBJC_WEAK = YES;
				CLANG_WARN_BLOCK_CAPTURE_AUTORELEASING = YES;
				CLANG_WARN_BOOL_CONVERSION = YES;
				CLANG_WARN_COMMA = YES;
				CLANG_WARN_CONSTANT_CONVERSION = YES;
				CLANG_WARN_DEPRECATED_OBJC_IMPLEMENTATIONS = YES;
				CLANG_WARN_DIRECT_OBJC_ISA_USAGE = YES_ERROR;
				CLANG_WARN_DOCUMENTATION_COMMENTS = YES;
				CLANG_WARN_EMPTY_BODY = YES;
				CLANG_WARN_ENUM_CONVERSION = YES;
				CLANG_WARN_INFINITE_RECURSION = YES;
				CLANG_WARN_INT_CONVERSION = YES;
				CLANG_WARN_NON_LITERAL_NULL_CONVERSION = YES;
				CLANG_WARN_OBJC_IMPLICIT_RETAIN_SELF = YES;
				CLANG_WARN_OBJC_LITERAL_CONVERSION = YES;
				CLANG_WARN_OBJC_ROOT_CLASS = YES_ERROR;
				CLANG_WARN_QUOTED_INCLUDE_IN_FRAMEWORK_HEADER = YES;
				CLANG_WARN_RANGE_LOOP_ANALYSIS = YES;
				CLANG_WARN_STRICT_PROTOTYPES = YES;
				CLANG_WARN_SUSPICIOUS_MOVE = YES;
				CLANG_WARN_UNGUARDED_AVAILABILITY = YES_AGGRESSIVE;
				CLANG_WARN_UNREACHABLE_CODE = YES;
				CLANG_WARN__DUPLICATE_METHOD_MATCH = YES;
				COPY_PHASE_STRIP = NO;
				DEBUG_INFORMATION_FORMAT = "dwarf-with-dsym";
				ENABLE_NS_ASSERTIONS = NO;
				ENABLE_STRICT_OBJC_MSGSEND = YES;
				GCC_C_LANGUAGE_STANDARD = gnu11;
				GCC_NO_COMMON_BLOCKS = YES;
				GCC_WARN_64_TO_32_BIT_CONVERSION = YES;
				GCC_WARN_ABOUT_RETURN_TYPE = YES_ERROR;
				GCC_WARN_UNDECLARED_SELECTOR = YES;
				GCC_WARN_UNINITIALIZED_AUTOS = YES_AGGRESSIVE;
				GCC_WARN_UNUSED_FUNCTION = YES;
				GCC_WARN_UNUSED_VARIABLE = YES;
				IPHONEOS_DEPLOYMENT_TARGET = 16.1;
				MTL_ENABLE_DEBUG_INFO = NO;
				MTL_FAST_MATH = YES;
				SDKROOT = iphoneos;
				SWIFT_COMPILATION_MODE = wholemodule;
				SWIFT_OPTIMIZATION_LEVEL = "-O";
				VALIDATE_PRODUCT = YES;
			};
			name = Release;
		};
		89520F62297AD5AB0092210A /* Debug */ = {
			isa = XCBuildConfiguration;
			baseConfigurationReference = 943136329B21FFF23497888D /* Pods-TransactionsMonitor.debug.xcconfig */;
			buildSettings = {
				ASSETCATALOG_COMPILER_APPICON_NAME = AppIcon;
				ASSETCATALOG_COMPILER_GLOBAL_ACCENT_COLOR_NAME = AccentColor;
				CODE_SIGN_STYLE = Automatic;
				CURRENT_PROJECT_VERSION = 1;
				GENERATE_INFOPLIST_FILE = YES;
				INFOPLIST_FILE = TransactionsMonitor/Resources/Info.plist;
				INFOPLIST_KEY_UIApplicationSupportsIndirectInputEvents = YES;
				INFOPLIST_KEY_UILaunchStoryboardName = LaunchScreen;
				INFOPLIST_KEY_UISupportedInterfaceOrientations = UIInterfaceOrientationPortrait;
				INFOPLIST_KEY_UISupportedInterfaceOrientations_iPad = "UIInterfaceOrientationLandscapeLeft UIInterfaceOrientationLandscapeRight UIInterfaceOrientationPortrait UIInterfaceOrientationPortraitUpsideDown";
				IPHONEOS_DEPLOYMENT_TARGET = 15.0;
				LD_RUNPATH_SEARCH_PATHS = (
					"$(inherited)",
					"@executable_path/Frameworks",
				);
				MARKETING_VERSION = 1.0;
				PRODUCT_BUNDLE_IDENTIFIER = de.kabok.TransactionsMonitor;
				PRODUCT_NAME = "$(TARGET_NAME)";
				SUPPORTED_PLATFORMS = "iphoneos iphonesimulator";
				SUPPORTS_MACCATALYST = NO;
				SUPPORTS_MAC_DESIGNED_FOR_IPHONE_IPAD = NO;
				SWIFT_EMIT_LOC_STRINGS = YES;
				SWIFT_VERSION = 5.0;
				TARGETED_DEVICE_FAMILY = 1;
			};
			name = Debug;
		};
		89520F63297AD5AB0092210A /* Release */ = {
			isa = XCBuildConfiguration;
			baseConfigurationReference = 5D2B6116BF967F39276E5720 /* Pods-TransactionsMonitor.release.xcconfig */;
			buildSettings = {
				ASSETCATALOG_COMPILER_APPICON_NAME = AppIcon;
				ASSETCATALOG_COMPILER_GLOBAL_ACCENT_COLOR_NAME = AccentColor;
				CODE_SIGN_STYLE = Automatic;
				CURRENT_PROJECT_VERSION = 1;
				GENERATE_INFOPLIST_FILE = YES;
				INFOPLIST_FILE = TransactionsMonitor/Resources/Info.plist;
				INFOPLIST_KEY_UIApplicationSupportsIndirectInputEvents = YES;
				INFOPLIST_KEY_UILaunchStoryboardName = LaunchScreen;
				INFOPLIST_KEY_UISupportedInterfaceOrientations = UIInterfaceOrientationPortrait;
				INFOPLIST_KEY_UISupportedInterfaceOrientations_iPad = "UIInterfaceOrientationLandscapeLeft UIInterfaceOrientationLandscapeRight UIInterfaceOrientationPortrait UIInterfaceOrientationPortraitUpsideDown";
				IPHONEOS_DEPLOYMENT_TARGET = 15.0;
				LD_RUNPATH_SEARCH_PATHS = (
					"$(inherited)",
					"@executable_path/Frameworks",
				);
				MARKETING_VERSION = 1.0;
				PRODUCT_BUNDLE_IDENTIFIER = de.kabok.TransactionsMonitor;
				PRODUCT_NAME = "$(TARGET_NAME)";
				SUPPORTED_PLATFORMS = "iphoneos iphonesimulator";
				SUPPORTS_MACCATALYST = NO;
				SUPPORTS_MAC_DESIGNED_FOR_IPHONE_IPAD = NO;
				SWIFT_EMIT_LOC_STRINGS = YES;
				SWIFT_VERSION = 5.0;
				TARGETED_DEVICE_FAMILY = 1;
			};
			name = Release;
		};
/* End XCBuildConfiguration section */

/* Begin XCConfigurationList section */
		89520F48297AD5A90092210A /* Build configuration list for PBXProject "TransactionsMonitor" */ = {
			isa = XCConfigurationList;
			buildConfigurations = (
				89520F5F297AD5AB0092210A /* Debug */,
				89520F60297AD5AB0092210A /* Release */,
			);
			defaultConfigurationIsVisible = 0;
			defaultConfigurationName = Release;
		};
		89520F61297AD5AB0092210A /* Build configuration list for PBXNativeTarget "TransactionsMonitor" */ = {
			isa = XCConfigurationList;
			buildConfigurations = (
				89520F62297AD5AB0092210A /* Debug */,
				89520F63297AD5AB0092210A /* Release */,
			);
			defaultConfigurationIsVisible = 0;
			defaultConfigurationName = Release;
		};
/* End XCConfigurationList section */
	};
	rootObject = 89520F45297AD5A90092210A /* Project object */;
}
